PODS:
  - Expecta (0.2.4)
  - OCHamcrest (4.0.1)
  - OCMockito (1.3.1):
    - OCHamcrest (~> 4.0)
  - Specta (0.3.0.beta1)
  - TFIntentions (0.0.1):
    - TFIntentions/NibExternalObjects
    - TFIntentions/UITableView+UICollectionView
    - TFIntentions/UITextField
  - TFIntentions/NibExternalObjects (0.0.1)
  - TFIntentions/UITableView+UICollectionView (0.0.1)
  - TFIntentions/UITextField (0.0.1)

DEPENDENCIES:
  - Expecta (~> 0.2.4)
  - OCMockito
  - Specta (from `https://github.com/specta/specta.git`, tag `v0.3.0.beta1`)
  - TFIntentions (from `../`)

EXTERNAL SOURCES:
  Specta:
    :git: https://github.com/specta/specta.git
    :tag: v0.3.0.beta1
  TFIntentions:
    :path: ../

SPEC CHECKSUMS:
  Expecta: 112bcafa2304ee0f3c5e586505f24555a47b25d5
  OCHamcrest: b464725bbb48d0f1cd9c6f4ec3cb35fe0c4f2b94
  OCMockito: 57b8c4bb54ff3a4a14eb2174f9e57faf9f56efb6
  Specta: 63e8ac8e07db6675c7096d37f77a266a1be4c02d
  TFIntentions: fd5c725512c523541c92faaad8eeb4ed50e74de2

COCOAPODS: 0.33.1
